
Microsoft Visual Studio Solution File, Format Version 12.00
# Visual Studio Version 16
VisualStudioVersion = 16.0.31321.278
MinimumVisualStudioVersion = 10.0.40219.1
Project("{9A19103F-16F7-4668-BE54-9A1E7A4F7556}") = "Students.DAL", "Students.DAL\Students.DAL.csproj", "{B1295915-70A1-4F96-8F99-DAA1B5E0714C}"
EndProject
Project("{9A19103F-16F7-4668-BE54-9A1E7A4F7556}") = "Students.Angular", "Students.Angular\Students.Angular.csproj", "{71595C7B-DE52-4109-963B-3B234612C6FF}"
EndProject
Project("{9A19103F-16F7-4668-BE54-9A1E7A4F7556}") = "Students.BLL", "Stidents.BLL\Students.BLL.csproj", "{4A1DA216-B445-4744-960E-3E31E618A14E}"
EndProject
Project("{9A19103F-16F7-4668-BE54-9A1E7A4F7556}") = "Students.API", "Students.API\Students.API.csproj", "{67EA34AE-3D6E-4F2A-BCBE-BFD52A130200}"
EndProject
Project("{9A19103F-16F7-4668-BE54-9A1E7A4F7556}") = "Students.BLL.Tests", "Students.BLL.Tests\Students.BLL.Tests.csproj", "{DC60BDDA-EF31-47F4-BE15-95375FDA2CED}"
EndProject
Project("{9A19103F-16F7-4668-BE54-9A1E7A4F7556}") = "Students.MVC", "StudentsMVC\Students.MVC.csproj", "{568C13FB-1091-42B2-9DE7-9D87C726559B}"
EndProject
Global
	GlobalSection(SolutionConfigurationPlatforms) = preSolution
		Debug|Any CPU = Debug|Any CPU
		Release|Any CPU = Release|Any CPU
	EndGlobalSection
	GlobalSection(ProjectConfigurationPlatforms) = postSolution
		{B1295915-70A1-4F96-8F99-DAA1B5E0714C}.Debug|Any CPU.ActiveCfg = Debug|Any CPU
		{B1295915-70A1-4F96-8F99-DAA1B5E0714C}.Debug|Any CPU.Build.0 = Debug|Any CPU
		{B1295915-70A1-4F96-8F99-DAA1B5E0714C}.Release|Any CPU.ActiveCfg = Release|Any CPU
		{B1295915-70A1-4F96-8F99-DAA1B5E0714C}.Release|Any CPU.Build.0 = Release|Any CPU
		{71595C7B-DE52-4109-963B-3B234612C6FF}.Debug|Any CPU.ActiveCfg = Debug|Any CPU
		{71595C7B-DE52-4109-963B-3B234612C6FF}.Debug|Any CPU.Build.0 = Debug|Any CPU
		{71595C7B-DE52-4109-963B-3B234612C6FF}.Release|Any CPU.ActiveCfg = Release|Any CPU
		{71595C7B-DE52-4109-963B-3B234612C6FF}.Release|Any CPU.Build.0 = Release|Any CPU
		{4A1DA216-B445-4744-960E-3E31E618A14E}.Debug|Any CPU.ActiveCfg = Debug|Any CPU
		{4A1DA216-B445-4744-960E-3E31E618A14E}.Debug|Any CPU.Build.0 = Debug|Any CPU
		{4A1DA216-B445-4744-960E-3E31E618A14E}.Release|Any CPU.ActiveCfg = Release|Any CPU
		{4A1DA216-B445-4744-960E-3E31E618A14E}.Release|Any CPU.Build.0 = Release|Any CPU
		{67EA34AE-3D6E-4F2A-BCBE-BFD52A130200}.Debug|Any CPU.ActiveCfg = Debug|Any CPU
		{67EA34AE-3D6E-4F2A-BCBE-BFD52A130200}.Debug|Any CPU.Build.0 = Debug|Any CPU
		{67EA34AE-3D6E-4F2A-BCBE-BFD52A130200}.Release|Any CPU.ActiveCfg = Release|Any CPU
		{67EA34AE-3D6E-4F2A-BCBE-BFD52A130200}.Release|Any CPU.Build.0 = Release|Any CPU
		{DC60BDDA-EF31-47F4-BE15-95375FDA2CED}.Debug|Any CPU.ActiveCfg = Debug|Any CPU
		{DC60BDDA-EF31-47F4-BE15-95375FDA2CED}.Debug|Any CPU.Build.0 = Debug|Any CPU
		{DC60BDDA-EF31-47F4-BE15-95375FDA2CED}.Release|Any CPU.ActiveCfg = Release|Any CPU
		{DC60BDDA-EF31-47F4-BE15-95375FDA2CED}.Release|Any CPU.Build.0 = Release|Any CPU
		{568C13FB-1091-42B2-9DE7-9D87C726559B}.Debug|Any CPU.ActiveCfg = Debug|Any CPU
		{568C13FB-1091-42B2-9DE7-9D87C726559B}.Debug|Any CPU.Build.0 = Debug|Any CPU
		{568C13FB-1091-42B2-9DE7-9D87C726559B}.Release|Any CPU.ActiveCfg = Release|Any CPU
		{568C13FB-1091-42B2-9DE7-9D87C726559B}.Release|Any CPU.Build.0 = Release|Any CPU
	EndGlobalSection
	GlobalSection(SolutionProperties) = preSolution
		HideSolutionNode = FALSE
	EndGlobalSection
	GlobalSection(ExtensibilityGlobals) = postSolution
		SolutionGuid = {EF3C7091-7A1E-4499-A8B3-A7CFE01BD2F8}
	EndGlobalSection
EndGlobal
