
Microsoft Visual Studio Solution File, Format Version 12.00
# Visual Studio Version 16
VisualStudioVersion = 16.0.31321.278
MinimumVisualStudioVersion = 10.0.40219.1
Project("{9A19103F-16F7-4668-BE54-9A1E7A4F7556}") = "Students.MVC", "Students.MVC.csproj", "{E5DAEF24-9AF4-4557-9BB6-7C4DBCB57003}"
EndProject
Project("{9A19103F-16F7-4668-BE54-9A1E7A4F7556}") = "Students.BLL", "..\Stidents.BLL\Students.BLL.csproj", "{2869BCA7-FF1B-4B12-85E8-B211C51D3A38}"
EndProject
Project("{9A19103F-16F7-4668-BE54-9A1E7A4F7556}") = "Students.BLL.Tests", "..\Students.BLL.Tests\Students.BLL.Tests.csproj", "{E1E672E6-B004-4EA4-840C-D844BA579131}"
EndProject
Project("{9A19103F-16F7-4668-BE54-9A1E7A4F7556}") = "Students.API", "..\Students.API\Students.API.csproj", "{4BCEE9DB-204E-4204-8EBC-CD936B02A55C}"
EndProject
Project("{9A19103F-16F7-4668-BE54-9A1E7A4F7556}") = "Students.Angular", "..\Students.Angular\Students.Angular.csproj", "{4FD89AF8-418F-4E60-8B1F-7CEB0C5C7BC3}"
EndProject
Project("{FAE04EC0-301F-11D3-BF4B-00C04F79EFBC}") = "Students.DAL", "..\Students.DAL\Students.DAL.csproj", "{6EBD43A8-3EE3-4F86-B009-576DB3E6BCC9}"
EndProject
Global
	GlobalSection(SolutionConfigurationPlatforms) = preSolution
		Debug|Any CPU = Debug|Any CPU
		Release|Any CPU = Release|Any CPU
	EndGlobalSection
	GlobalSection(ProjectConfigurationPlatforms) = postSolution
		{E5DAEF24-9AF4-4557-9BB6-7C4DBCB57003}.Debug|Any CPU.ActiveCfg = Debug|Any CPU
		{E5DAEF24-9AF4-4557-9BB6-7C4DBCB57003}.Debug|Any CPU.Build.0 = Debug|Any CPU
		{E5DAEF24-9AF4-4557-9BB6-7C4DBCB57003}.Release|Any CPU.ActiveCfg = Release|Any CPU
		{E5DAEF24-9AF4-4557-9BB6-7C4DBCB57003}.Release|Any CPU.Build.0 = Release|Any CPU
		{2869BCA7-FF1B-4B12-85E8-B211C51D3A38}.Debug|Any CPU.ActiveCfg = Debug|Any CPU
		{2869BCA7-FF1B-4B12-85E8-B211C51D3A38}.Debug|Any CPU.Build.0 = Debug|Any CPU
		{2869BCA7-FF1B-4B12-85E8-B211C51D3A38}.Release|Any CPU.ActiveCfg = Release|Any CPU
		{2869BCA7-FF1B-4B12-85E8-B211C51D3A38}.Release|Any CPU.Build.0 = Release|Any CPU
		{E1E672E6-B004-4EA4-840C-D844BA579131}.Debug|Any CPU.ActiveCfg = Debug|Any CPU
		{E1E672E6-B004-4EA4-840C-D844BA579131}.Debug|Any CPU.Build.0 = Debug|Any CPU
		{E1E672E6-B004-4EA4-840C-D844BA579131}.Release|Any CPU.ActiveCfg = Release|Any CPU
		{E1E672E6-B004-4EA4-840C-D844BA579131}.Release|Any CPU.Build.0 = Release|Any CPU
		{4BCEE9DB-204E-4204-8EBC-CD936B02A55C}.Debug|Any CPU.ActiveCfg = Debug|Any CPU
		{4BCEE9DB-204E-4204-8EBC-CD936B02A55C}.Debug|Any CPU.Build.0 = Debug|Any CPU
		{4BCEE9DB-204E-4204-8EBC-CD936B02A55C}.Release|Any CPU.ActiveCfg = Release|Any CPU
		{4BCEE9DB-204E-4204-8EBC-CD936B02A55C}.Release|Any CPU.Build.0 = Release|Any CPU
		{4FD89AF8-418F-4E60-8B1F-7CEB0C5C7BC3}.Debug|Any CPU.ActiveCfg = Debug|Any CPU
		{4FD89AF8-418F-4E60-8B1F-7CEB0C5C7BC3}.Debug|Any CPU.Build.0 = Debug|Any CPU
		{4FD89AF8-418F-4E60-8B1F-7CEB0C5C7BC3}.Release|Any CPU.ActiveCfg = Release|Any CPU
		{4FD89AF8-418F-4E60-8B1F-7CEB0C5C7BC3}.Release|Any CPU.Build.0 = Release|Any CPU
		{6EBD43A8-3EE3-4F86-B009-576DB3E6BCC9}.Debug|Any CPU.ActiveCfg = Debug|Any CPU
		{6EBD43A8-3EE3-4F86-B009-576DB3E6BCC9}.Debug|Any CPU.Build.0 = Debug|Any CPU
		{6EBD43A8-3EE3-4F86-B009-576DB3E6BCC9}.Release|Any CPU.ActiveCfg = Release|Any CPU
		{6EBD43A8-3EE3-4F86-B009-576DB3E6BCC9}.Release|Any CPU.Build.0 = Release|Any CPU
	EndGlobalSection
	GlobalSection(SolutionProperties) = preSolution
		HideSolutionNode = FALSE
	EndGlobalSection
	GlobalSection(ExtensibilityGlobals) = postSolution
		SolutionGuid = {EF3C7091-7A1E-4499-A8B3-A7CFE01BD2F8}
	EndGlobalSection
EndGlobal
